github.com/aaronland/go-http-bootstrap v0.1.0 h1:ayVCu88SDUyptVN/scPMtC8jUor0h2lcoN/3ulfuwwo=
github.com/aaronland/go-http-bootstrap v0.1.0/go.mod h1:LBQ4TNCD74+4KKEmBIIzrMxeAksRp/wQ7FPA8VZ/v4E=
github.com/aaronland/go-http-leaflet v0.1.0 h1:F9ofV2yRZdP9NCSW8GXfDNNbiQD5na0oylKLbbwG9u4=
github.com/aaronland/go-http-leaflet v0.1.0/go.mod h1:M6Brt/UMWXsT+3qK5idwxr3y6kELHHi7OhgoiecMt6U=
github.com/aaronland/go-http-ping/v2 v2.0.0 h1:PO/CfpNwxPSMqEuDAA+2/IzSoArAa/0deSHCmCuvfiA=
github.com/aaronland/go-http-ping/v2 v2.0.0/go.mod h1:fXKuw0WvfXMyt09ibXILN4LzEIhCnxoAhmZqoC5iBm8=
github.com/aaronland/go-http-rewrite v0.0.6 h1:IGmNgC+VIkOPw9h9kdhqZT48oaUbeaRgGMvy7k3HfPc=
github.com/aaronland/go-http-rewrite v0.0.6/go.mod h1:+Ehclg6SIiQPEJlSv3LR+8rojSSYPLGQuDf2z9bChpY=
github.com/aaronland/go-http-server v0.0.7 h1:hKY2e/WLkUhaeEx4KZW2iRcBfsSZqAV/wfLLRQcrECM=
github.com/aaronland/go-http-server v0.0.7/go.mod h1:6dtsZDrQG0XvUOCL0eaHsUw+7gw3Xa/Nm+XofvkSw2w=
github.com/aaronland/go-http-tangramjs v0.1.1 h1:iMFoAWaI2ALfHDNDE6VKynhvX2Cny+SE8wujOhBtG9s=
github.com/aaronland/go-http-tangramjs v0.1.1/go.mod h1:WgtxBvBN6LR65g5OpjUiu0LPvj+/+S69bBdpOZ14l4M=
github.com/aaronland/go-roster v0.0.2 h1:2Fu7v4VQLRLRL/Zgr6R9S5JxsW75Ab/K88QtMVX532s=
github.com/aaronland/go-roster v0.0.2/go.mod h1:AcovpxlG1XxJxX2Fjqlm63fEIBhCjEIBV4lP87FZDmI=
github.com/akrylysov/algnhsa v0.0.0-20190319020909-05b3d192e9a7/go.mod h1:HhzjNA0EjUWcwHTUMwqrpeAdIF3gRmpH0HpWx1hYJSc=
github.com/aws/aws-lambda-go v1.9.0/go.mod h1:zUsUQhAUjYzR8AuduJPCfhBuKWUaDbQiPOG+ouzmE1A=
github.com/aws/aws-lambda-go v1.10.0 h1:uafgdfYGQD0UeT7d2uKdyWW8j/ZYRifRPIdmeqLzLCk=
github.com/aws/aws-lambda-go v1.10.0/go.mod h1:zUsUQhAUjYzR8AuduJPCfhBuKWUaDbQiPOG+ouzmE1A=
github.com/davecgh/go-spew v1.1.0/go.mod h1:J7Y8YcW2NihsgmVo/mv3lAwl/skON4iLHjSsI+c5H38=
github.com/elazarl/go-bindata-assetfs v1.0.1 h1:m0kkaHRKEu7tUIUFVwhGGGYClXvyl4RE03qmvRTNfbw=
github.com/elazarl/go-bindata-assetfs v1.0.1/go.mod h1:v+YaWX3bdea5J/mo8dSETolEo7R71Vk1u8bnjau5yw4=
github.com/pmezard/go-difflib v1.0.0/go.mod h1:iKH77koFhYxTK1pcRnkKkqfTogsbg7gZNVY4sRDYZ/4=
github.com/stretchr/objx v0.1.0/go.mod h1:HFkY916IF+rwdDfMAkV7OtwuqBVzrE8GR6GFx+wExME=
github.com/stretchr/testify v1.3.0/go.mod h1:M5WIy9Dh21IEIfnGCwXGc5bZfKNJtfHm1UVUgZn+9EI=
github.com/thisisaaronland/go-marc v0.0.0-20180114181701-88cbeb264263 h1:Q/5qrexJciYCER9C38HwxQEI5UMGpT7dlKYmUGWGgn0=
github.com/thisisaaronland/go-marc v0.0.0-20180114181701-88cbeb264263/go.mod h1:e137v7efYZ9k5RG/HOMrZqVnuCuAW/n9m69v/IgHYbA=
github.com/whosonfirst/algnhsa v0.1.0 h1:8wVksKaz1qor2Y6+fiLEPEPxsEEvUQgSdtSTQLMrnlA=
github.com/whosonfirst/algnhsa v0.1.0/go.mod h1:swLBXxaVTv3s6dJLhekdQCuCTshUew+xHjptRC21RG0=
github.com/whosonfirst/go-http-mapzenjs v0.0.0-20190722193037-4ed59e932ab4 h1:KuQwMMm9BfyfSqlyL6i88t9oArjQk7jgw+aNmz399MA=
github.com/whosonfirst/go-http-mapzenjs v0.0.0-20190722193037-4ed59e932ab4/go.mod h1:Ddv2HnfmdSK3USFdfCzR1fEQ2eqwjeyZeS11N+sAELM=
github.com/whosonfirst/go-sanitize v0.1.0 h1:ygSqCnakwdzH/m8UEa15zXGDsoo5/JJeRkgmAjXZrBU=
github.com/whosonfirst/go-sanitize v0.1.0/go.mod h1:p/emgbafMM0p5iVAz2XWwecYPl06Tw4Jos9rhTKIrt8=
github.com/whosonfirst/go-whosonfirst-bbox v0.0.0-20170913151722-e1a4abe43723 h1:avlnFqgHJwmG0Ci0ZraWKXZp7wG1dCtcagU0qm6AjEU=
github.com/whosonfirst/go-whosonfirst-bbox v0.0.0-20170913151722-e1a4abe43723/go.mod h1:N/+7IUCXbMzCQiucDllfD131LH3jt3ybQTdSwg8e6/I=
golang.org/x/crypto v0.0.0-20190308221718-c2843e01d9a2/go.mod h1:djNgcEr1/C05ACkg1iLfiJU5Ep61QUkGW8qpdssI0+w=
golang.org/x/crypto v0.0.0-20200622213623-75b288015ac9/go.mod h1:LzIPMQfyMNhhGPhUkYOs5KpL4U8rLKemX1yGLhDgUto=
golang.org/x/net v0.0.0-20190404232315-eb5bcb51f2a3/go.mod h1:t9HGtf8HONx5eT2rtn7q6eTqICYqUVnKs3thJo3Qplg=
golang.org/x/net v0.0.0-20201002202402-0a1ea396d57c/go.mod h1:iQL9McJNjoIa5mjH6nYTCTZXUN6RP+XW3eib7Ya3XcI=
golang.org/x/net v0.0.0-20211020060615-d418f374d309 h1:A0lJIi+hcTR6aajJH4YqKWwohY4aW9RO7oRMcdv+HKI=
golang.org/x/net v0.0.0-20211020060615-d418f374d309/go.mod h1:9nx3DQGgdP8bBQD5qxJ1jj9UTztislL4KSBs9R2vV5Y=
golang.org/x/sys v0.0.0-20190215142949-d0b11bdaac8a/go.mod h1:STP8DvDyc/dI5b8T5hshtkjS+E42TnysNCUPdjciGhY=
golang.org/x/sys v0.0.0-20190412213103-97732733099d/go.mod h1:h1NjWce9XRLGQEsW7wpKNCjG9DtNlClVuFLEZdDNbEs=
golang.org/x/sys v0.0.0-20200930185726-fdedc70b468f/go.mod h1:h1NjWce9XRLGQEsW7wpKNCjG9DtNlClVuFLEZdDNbEs=
golang.org/x/sys v0.0.0-20201119102817-f84b799fce68/go.mod h1:h1NjWce9XRLGQEsW7wpKNCjG9DtNlClVuFLEZdDNbEs=
golang.org/x/sys v0.0.0-20210423082822-04245dca01da/go.mod h1:h1NjWce9XRLGQEsW7wpKNCjG9DtNlClVuFLEZdDNbEs=
golang.org/x/term v0.0.0-20201126162022-7de9c90e9dd1/go.mod h1:bj7SfCRtBDWHUb9snDiAeCFNEtKQo2Wmx5Cou7ajbmo=
golang.org/x/text v0.3.0/go.mod h1:NqM8EUOU14njkJ3fqMW+pc6Ldnwhi/IjpwHt7yyuwOQ=
golang.org/x/text v0.3.6/go.mod h1:5Zoc/QRtKVWzQhOtBMvqHzDpF6irO9z98xDceosuGiQ=
golang.org/x/tools v0.0.0-20180917221912-90fa682c2a6e/go.mod h1:n7NCudcB/nEzxVGmLbDWY5pfWTLqBcC2KZ6jyYvM4mQ=
